
Microsoft Visual Studio Solution File, Format Version 12.00
# Visual Studio Version 17
VisualStudioVersion = 17.5.002.0
MinimumVisualStudioVersion = 10.0.40219.1
Project("{2150E333-8FDC-42A3-9474-1A3956D46DE8}") = "back", "back", "{E7C42AB8-40A2-41DE-8F7B-41BBD48FC5AF}"
EndProject
Project("{2150E333-8FDC-42A3-9474-1A3956D46DE8}") = "src", "src", "{4E0874C2-1275-4E42-918A-5B290C36F8BF}"
EndProject
Project("{9A19103F-16F7-4668-BE54-9A1E7A4F7556}") = "ProAtividade.API", "back\src\ProAtividade.API\ProAtividade.API.csproj", "{799A6CD2-ABE2-45EE-9343-FEEB872CB806}"
EndProject
Global
	GlobalSection(SolutionConfigurationPlatforms) = preSolution
		Debug|Any CPU = Debug|Any CPU
		Release|Any CPU = Release|Any CPU
	EndGlobalSection
	GlobalSection(ProjectConfigurationPlatforms) = postSolution
		{799A6CD2-ABE2-45EE-9343-FEEB872CB806}.Debug|Any CPU.ActiveCfg = Debug|Any CPU
		{799A6CD2-ABE2-45EE-9343-FEEB872CB806}.Debug|Any CPU.Build.0 = Debug|Any CPU
		{799A6CD2-ABE2-45EE-9343-FEEB872CB806}.Release|Any CPU.ActiveCfg = Release|Any CPU
		{799A6CD2-ABE2-45EE-9343-FEEB872CB806}.Release|Any CPU.Build.0 = Release|Any CPU
	EndGlobalSection
	GlobalSection(SolutionProperties) = preSolution
		HideSolutionNode = FALSE
	EndGlobalSection
	GlobalSection(NestedProjects) = preSolution
		{4E0874C2-1275-4E42-918A-5B290C36F8BF} = {E7C42AB8-40A2-41DE-8F7B-41BBD48FC5AF}
		{799A6CD2-ABE2-45EE-9343-FEEB872CB806} = {4E0874C2-1275-4E42-918A-5B290C36F8BF}
	EndGlobalSection
	GlobalSection(ExtensibilityGlobals) = postSolution
		SolutionGuid = {FBE99B72-A200-4B24-9055-07A9227BB865}
	EndGlobalSection
EndGlobal
